
Microsoft Visual Studio Solution File, Format Version 12.00
# Visual Studio Version 16
VisualStudioVersion = 16.0.29102.190
MinimumVisualStudioVersion = 10.0.40219.1
Project("{9A19103F-16F7-4668-BE54-9A1E7A4F7556}") = "OOP-Kata", "OOP-Kata.csproj", "{DBB7483A-94B7-459B-870B-34C43BAF314D}"
EndProject
Global
	GlobalSection(SolutionConfigurationPlatforms) = preSolution
		Debug|Any CPU = Debug|Any CPU
		Release|Any CPU = Release|Any CPU
	EndGlobalSection
	GlobalSection(ProjectConfigurationPlatforms) = postSolution
		{DBB7483A-94B7-459B-870B-34C43BAF314D}.Debug|Any CPU.ActiveCfg = Debug|Any CPU
		{DBB7483A-94B7-459B-870B-34C43BAF314D}.Debug|Any CPU.Build.0 = Debug|Any CPU
		{DBB7483A-94B7-459B-870B-34C43BAF314D}.Release|Any CPU.ActiveCfg = Release|Any CPU
		{DBB7483A-94B7-459B-870B-34C43BAF314D}.Release|Any CPU.Build.0 = Release|Any CPU
	EndGlobalSection
	GlobalSection(SolutionProperties) = preSolution
		HideSolutionNode = FALSE
	EndGlobalSection
	GlobalSection(ExtensibilityGlobals) = postSolution
		SolutionGuid = {A4CC766B-CC81-45E2-B3C9-D33C6592B355}
	EndGlobalSection
EndGlobal
